
Microsoft Visual Studio Solution File, Format Version 12.00
# Visual Studio Version 16
VisualStudioVersion = 16.0.31624.102
MinimumVisualStudioVersion = 10.0.40219.1
Project("{FAE04EC0-301F-11D3-BF4B-00C04F79EFBC}") = "LogDAO", "LogDAO.csproj", "{D7305C24-1B91-4BA3-AEBB-C27BA9AFF90E}"
EndProject
Global
	GlobalSection(SolutionConfigurationPlatforms) = preSolution
		Debug|Any CPU = Debug|Any CPU
		Release|Any CPU = Release|Any CPU
	EndGlobalSection
	GlobalSection(ProjectConfigurationPlatforms) = postSolution
		{D7305C24-1B91-4BA3-AEBB-C27BA9AFF90E}.Debug|Any CPU.ActiveCfg = Debug|Any CPU
		{D7305C24-1B91-4BA3-AEBB-C27BA9AFF90E}.Debug|Any CPU.Build.0 = Debug|Any CPU
		{D7305C24-1B91-4BA3-AEBB-C27BA9AFF90E}.Release|Any CPU.ActiveCfg = Release|Any CPU
		{D7305C24-1B91-4BA3-AEBB-C27BA9AFF90E}.Release|Any CPU.Build.0 = Release|Any CPU
	EndGlobalSection
	GlobalSection(SolutionProperties) = preSolution
		HideSolutionNode = FALSE
	EndGlobalSection
	GlobalSection(ExtensibilityGlobals) = postSolution
		SolutionGuid = {DC1A0081-1317-44E4-8309-AA4835A615F2}
	EndGlobalSection
EndGlobal
